
Microsoft Visual Studio Solution File, Format Version 12.00
# Visual Studio 2013
VisualStudioVersion = 12.0.31101.0
MinimumVisualStudioVersion = 10.0.40219.1
Project("{FAE04EC0-301F-11D3-BF4B-00C04F79EFBC}") = "XrmLite", "XrmLite\XrmLite.csproj", "{094AB1AF-F336-42A2-AF8B-95DEBBFC8380}"
EndProject
Project("{2150E333-8FDC-42A3-9474-1A3956D46DE8}") = "Solution Items", "Solution Items", "{FE43A7A5-0989-4BD9-8629-A1A3A317E2A2}"
	ProjectSection(SolutionItems) = preProject
		README.md = README.md
	EndProjectSection
EndProject
Global
	GlobalSection(SolutionConfigurationPlatforms) = preSolution
		Debug|Any CPU = Debug|Any CPU
		Release|Any CPU = Release|Any CPU
	EndGlobalSection
	GlobalSection(ProjectConfigurationPlatforms) = postSolution
		{094AB1AF-F336-42A2-AF8B-95DEBBFC8380}.Debug|Any CPU.ActiveCfg = Debug|Any CPU
		{094AB1AF-F336-42A2-AF8B-95DEBBFC8380}.Debug|Any CPU.Build.0 = Debug|Any CPU
		{094AB1AF-F336-42A2-AF8B-95DEBBFC8380}.Release|Any CPU.ActiveCfg = Release|Any CPU
		{094AB1AF-F336-42A2-AF8B-95DEBBFC8380}.Release|Any CPU.Build.0 = Release|Any CPU
	EndGlobalSection
	GlobalSection(SolutionProperties) = preSolution
		HideSolutionNode = FALSE
	EndGlobalSection
EndGlobal
